
Microsoft Visual Studio Solution File, Format Version 12.00
# Visual Studio Version 18
VisualStudioVersion = 18.6.11822.322 stable
MinimumVisualStudioVersion = 10.0.40219.1
Project("{FAE04EC0-301F-11D3-BF4B-00C04F79EFBC}") = "JWTECommerce", "JWTECommerce.csproj", "{3A058B53-0292-0286-732D-CBD24A7133E8}"
EndProject
Global
	GlobalSection(SolutionConfigurationPlatforms) = preSolution
		Debug|Any CPU = Debug|Any CPU
		Release|Any CPU = Release|Any CPU
	EndGlobalSection
	GlobalSection(ProjectConfigurationPlatforms) = postSolution
		{3A058B53-0292-0286-732D-CBD24A7133E8}.Debug|Any CPU.ActiveCfg = Debug|Any CPU
		{3A058B53-0292-0286-732D-CBD24A7133E8}.Debug|Any CPU.Build.0 = Debug|Any CPU
		{3A058B53-0292-0286-732D-CBD24A7133E8}.Release|Any CPU.ActiveCfg = Release|Any CPU
		{3A058B53-0292-0286-732D-CBD24A7133E8}.Release|Any CPU.Build.0 = Release|Any CPU
	EndGlobalSection
	GlobalSection(SolutionProperties) = preSolution
		HideSolutionNode = FALSE
	EndGlobalSection
	GlobalSection(ExtensibilityGlobals) = postSolution
		SolutionGuid = {7D02E03D-DBFB-4089-88DE-B784A7957D94}
	EndGlobalSection
EndGlobal
